
Microsoft Visual Studio Solution File, Format Version 12.00
# Visual Studio Version 17
VisualStudioVersion = 17.14.35821.62 d17.14
MinimumVisualStudioVersion = 10.0.40219.1
Project("{FAE04EC0-301F-11D3-BF4B-00C04F79EFBC}") = "ReadNote.Android", "ReadNote.Android\ReadNote.Android.csproj", "{157C8F08-BFFB-4931-9EA6-467D1EE2404E}"
EndProject
Project("{FAE04EC0-301F-11D3-BF4B-00C04F79EFBC}") = "ReadNote.iOS", "ReadNote.iOS\ReadNote.iOS.csproj", "{C97F1E80-BE3B-4DD2-A1A5-6F35017B4BED}"
EndProject
Project("{FAE04EC0-301F-11D3-BF4B-00C04F79EFBC}") = "ReadNote", "ReadNote\ReadNote.csproj", "{601DF7ED-A5C1-41FE-B7E1-B3712D5E28E3}"
EndProject
Global
	GlobalSection(SolutionConfigurationPlatforms) = preSolution
		Debug|Any CPU = Debug|Any CPU
		Release|Any CPU = Release|Any CPU
	EndGlobalSection
	GlobalSection(ProjectConfigurationPlatforms) = postSolution
		{157C8F08-BFFB-4931-9EA6-467D1EE2404E}.Debug|Any CPU.ActiveCfg = Debug|Any CPU
		{157C8F08-BFFB-4931-9EA6-467D1EE2404E}.Debug|Any CPU.Build.0 = Debug|Any CPU
		{157C8F08-BFFB-4931-9EA6-467D1EE2404E}.Debug|Any CPU.Deploy.0 = Debug|Any CPU
		{157C8F08-BFFB-4931-9EA6-467D1EE2404E}.Release|Any CPU.ActiveCfg = Release|Any CPU
		{157C8F08-BFFB-4931-9EA6-467D1EE2404E}.Release|Any CPU.Build.0 = Release|Any CPU
		{157C8F08-BFFB-4931-9EA6-467D1EE2404E}.Release|Any CPU.Deploy.0 = Release|Any CPU
		{C97F1E80-BE3B-4DD2-A1A5-6F35017B4BED}.Debug|Any CPU.ActiveCfg = Debug|iPhone
		{C97F1E80-BE3B-4DD2-A1A5-6F35017B4BED}.Debug|Any CPU.Build.0 = Debug|iPhone
		{C97F1E80-BE3B-4DD2-A1A5-6F35017B4BED}.Debug|Any CPU.Deploy.0 = Debug|iPhone
		{C97F1E80-BE3B-4DD2-A1A5-6F35017B4BED}.Release|Any CPU.ActiveCfg = Release|iPhoneSimulator
		{C97F1E80-BE3B-4DD2-A1A5-6F35017B4BED}.Release|Any CPU.Build.0 = Release|iPhoneSimulator
		{C97F1E80-BE3B-4DD2-A1A5-6F35017B4BED}.Release|Any CPU.Deploy.0 = Release|iPhoneSimulator
		{601DF7ED-A5C1-41FE-B7E1-B3712D5E28E3}.Debug|Any CPU.ActiveCfg = Debug|Any CPU
		{601DF7ED-A5C1-41FE-B7E1-B3712D5E28E3}.Debug|Any CPU.Build.0 = Debug|Any CPU
		{601DF7ED-A5C1-41FE-B7E1-B3712D5E28E3}.Debug|Any CPU.Deploy.0 = Debug|Any CPU
		{601DF7ED-A5C1-41FE-B7E1-B3712D5E28E3}.Release|Any CPU.ActiveCfg = Release|Any CPU
		{601DF7ED-A5C1-41FE-B7E1-B3712D5E28E3}.Release|Any CPU.Build.0 = Release|Any CPU
		{601DF7ED-A5C1-41FE-B7E1-B3712D5E28E3}.Release|Any CPU.Deploy.0 = Release|Any CPU
	EndGlobalSection
	GlobalSection(SolutionProperties) = preSolution
		HideSolutionNode = FALSE
	EndGlobalSection
	GlobalSection(ExtensibilityGlobals) = postSolution
		SolutionGuid = {DA64DF7B-BA9C-4F84-83FA-1BAD85380C6B}
	EndGlobalSection
EndGlobal
